
Microsoft Visual Studio Solution File, Format Version 12.00
# Visual Studio 15
VisualStudioVersion = 15.0.28307.645
MinimumVisualStudioVersion = 10.0.40219.1
Project("{FAE04EC0-301F-11D3-BF4B-00C04F79EFBC}") = "BusinessDaysCounter", "BusinessDaysCounter\BusinessDaysCounter.csproj", "{FAE1FBC6-EC73-4F16-B79C-FA090E8DE13F}"
EndProject
Project("{FAE04EC0-301F-11D3-BF4B-00C04F79EFBC}") = "BusinessDaysCounterTests", "BusinessDaysCounterTests\BusinessDaysCounterTests.csproj", "{9C8D03F6-F564-4887-BC76-240B7EF52B19}"
EndProject
Global
	GlobalSection(SolutionConfigurationPlatforms) = preSolution
		Debug|Any CPU = Debug|Any CPU
		Release|Any CPU = Release|Any CPU
	EndGlobalSection
	GlobalSection(ProjectConfigurationPlatforms) = postSolution
		{FAE1FBC6-EC73-4F16-B79C-FA090E8DE13F}.Debug|Any CPU.ActiveCfg = Debug|Any CPU
		{FAE1FBC6-EC73-4F16-B79C-FA090E8DE13F}.Debug|Any CPU.Build.0 = Debug|Any CPU
		{FAE1FBC6-EC73-4F16-B79C-FA090E8DE13F}.Release|Any CPU.ActiveCfg = Release|Any CPU
		{FAE1FBC6-EC73-4F16-B79C-FA090E8DE13F}.Release|Any CPU.Build.0 = Release|Any CPU
		{9C8D03F6-F564-4887-BC76-240B7EF52B19}.Debug|Any CPU.ActiveCfg = Debug|Any CPU
		{9C8D03F6-F564-4887-BC76-240B7EF52B19}.Debug|Any CPU.Build.0 = Debug|Any CPU
		{9C8D03F6-F564-4887-BC76-240B7EF52B19}.Release|Any CPU.ActiveCfg = Release|Any CPU
		{9C8D03F6-F564-4887-BC76-240B7EF52B19}.Release|Any CPU.Build.0 = Release|Any CPU
	EndGlobalSection
	GlobalSection(SolutionProperties) = preSolution
		HideSolutionNode = FALSE
	EndGlobalSection
	GlobalSection(ExtensibilityGlobals) = postSolution
		SolutionGuid = {F7FBD16D-63F7-42D1-B660-D8E5995F775F}
	EndGlobalSection
EndGlobal
